<Solution>
  <Folder Name="/Task0/">
    <Project Path="Tyuiu.MikhailichenkoAI.Sprint4.Task0.V2.Lib/Tyuiu.MikhailichenkoAI.Sprint4.Task0.V2.Lib.csproj" />
    <Project Path="Tyuiu.MikhailichenkoAI.Sprint4.Task0.V2.Test/Tyuiu.MikhailichenkoAI.Sprint4.Task0.V2.Test.csproj" />
    <Project Path="Tyuiu.MikhailichenkoAI.Sprint4.Task0.V2/Tyuiu.MikhailichenkoAI.Sprint4.Task0.V2.csproj" />
  </Folder>
  <Folder Name="/Task1/">
    <Project Path="Tyuiu.MikhailichenkoAI.Sprint4.Task1.V6.Lib/Tyuiu.MikhailichenkoAI.Sprint4.Task1.V6.Lib.csproj" />
    <Project Path="Tyuiu.MikhailichenkoAI.Sprint4.Task1.V6.Test/Tyuiu.MikhailichenkoAI.Sprint4.Task1.V6.Test.csproj" />
    <Project Path="Tyuiu.MikhailichenkoAI.Sprint4.Task1.V6/Tyuiu.MikhailichenkoAI.Sprint4.Task1.V6.csproj" />
  </Folder>
</Solution>
