<Solution>
  <Folder Name="/Task0/">
    <Project Path="Tyuiu.MikhailichenkoAI.Sprint4.Task0.V2.Lib/Tyuiu.MikhailichenkoAI.Sprint4.Task0.V2.Lib.csproj" />
    <Project Path="Tyuiu.MikhailichenkoAI.Sprint4.Task0.V2.Test/Tyuiu.MikhailichenkoAI.Sprint4.Task0.V2.Test.csproj" />
    <Project Path="Tyuiu.MikhailichenkoAI.Sprint4.Task0.V2/Tyuiu.MikhailichenkoAI.Sprint4.Task0.V2.csproj" />
  </Folder>
  <Folder Name="/Task1/">
    <Project Path="Tyuiu.MikhailichenkoAI.Sprint4.Task1.V6.Lib/Tyuiu.MikhailichenkoAI.Sprint4.Task1.V6.Lib.csproj" />
    <Project Path="Tyuiu.MikhailichenkoAI.Sprint4.Task1.V6.Test/Tyuiu.MikhailichenkoAI.Sprint4.Task1.V6.Test.csproj" />
    <Project Path="Tyuiu.MikhailichenkoAI.Sprint4.Task1.V6/Tyuiu.MikhailichenkoAI.Sprint4.Task1.V6.csproj" />
  </Folder>
  <Folder Name="/Task2/">
    <Project Path="Tyuiu.MikhailichenkoAI.Sprint4.Task2.V13.Lib/Tyuiu.MikhailichenkoAI.Sprint4.Task2.V13.Lib.csproj" />
    <Project Path="Tyuiu.MikhailichenkoAI.Sprint4.Task2.V13.Test/Tyuiu.MikhailichenkoAI.Sprint4.Task2.V13.Test.csproj" />
    <Project Path="Tyuiu.MikhailichenkoAI.Sprint4.Task2.V13/Tyuiu.MikhailichenkoAI.Sprint4.Task2.V13.csproj" />
  </Folder>
  <Folder Name="/Task3/">
    <Project Path="Tyuiu.MikhailichenkoAI.Sprint4.Task3.V30.Lib/Tyuiu.MikhailichenkoAI.Sprint4.Task3.V30.Lib.csproj" />
    <Project Path="Tyuiu.MikhailichenkoAI.Sprint4.Task3.V30.Test/Tyuiu.MikhailichenkoAI.Sprint4.Task3.V30.Test.csproj" />
    <Project Path="Tyuiu.MikhailichenkoAI.Sprint4.Task3.V30/Tyuiu.MikhailichenkoAI.Sprint4.Task3.V30.csproj" />
  </Folder>
  <Folder Name="/Task4/">
    <Project Path="Tyuiu.MikhailichenkoAI.Sprint4.Task4.V9.Lib/Tyuiu.MikhailichenkoAI.Sprint4.Task4.V9.Lib.csproj" />
    <Project Path="Tyuiu.MikhailichenkoAI.Sprint4.Task4.V9.Test/Tyuiu.MikhailichenkoAI.Sprint4.Task4.V9.Test.csproj" />
    <Project Path="Tyuiu.MikhailichenkoAI.Sprint4.Task4.V9/Tyuiu.MikhailichenkoAI.Sprint4.Task4.V9.csproj" />
  </Folder>
  <Folder Name="/Task5/">
    <Project Path="Tyuiu.MikhailichenkoAI.Sprint4.Task5.V9.Lib/Tyuiu.MikhailichenkoAI.Sprint4.Task5.V9.Lib.csproj" />
    <Project Path="Tyuiu.MikhailichenkoAI.Sprint4.Task5.V9.Test/Tyuiu.MikhailichenkoAI.Sprint4.Task5.V9.Test.csproj" />
    <Project Path="Tyuiu.MikhailichenkoAI.Sprint4.Task5.V9/Tyuiu.MikhailichenkoAI.Sprint4.Task5.V9.csproj" />
  </Folder>
  <Folder Name="/Task6/">
    <Project Path="Tyuiu.MikhailichenkoAI.Sprint4.Task6.V13.Lib/Tyuiu.MikhailichenkoAI.Sprint4.Task6.V13.Lib.csproj" />
    <Project Path="Tyuiu.MikhailichenkoAI.Sprint4.Task6.V13.Test/Tyuiu.MikhailichenkoAI.Sprint4.Task6.V13.Test.csproj" />
    <Project Path="Tyuiu.MikhailichenkoAI.Sprint4.Task6.V13/Tyuiu.MikhailichenkoAI.Sprint4.Task6.V13.csproj" />
  </Folder>
</Solution>
