<Solution>
  <Folder Name="/Task0/">
    <Project Path="Tyuiu.MikhailichenkoAI.Sprint4.Task0.V2.Lib/Tyuiu.MikhailichenkoAI.Sprint4.Task0.V2.Lib.csproj" />
    <Project Path="Tyuiu.MikhailichenkoAI.Sprint4.Task0.V2.Test/Tyuiu.MikhailichenkoAI.Sprint4.Task0.V2.Test.csproj" />
    <Project Path="Tyuiu.MikhailichenkoAI.Sprint4.Task0.V2/Tyuiu.MikhailichenkoAI.Sprint4.Task0.V2.csproj" />
  </Folder>
</Solution>
